
Microsoft Visual Studio Solution File, Format Version 12.00
# Visual Studio 15
VisualStudioVersion = 15.0.27703.2035
MinimumVisualStudioVersion = 10.0.40219.1
Project("{FAE04EC0-301F-11D3-BF4B-00C04F79EFBC}") = "MvvmCrossDemo.Droid", "MvvmCrossDemo.Droid\MvvmCrossDemo.Droid.csproj", "{52381C0D-EAAA-42D6-BAE9-66657B9E0A21}"
EndProject
Project("{9A19103F-16F7-4668-BE54-9A1E7A4F7556}") = "MvvmCrossDemo.Core", "MvvmCrossDemo.Core\MvvmCrossDemo.Core.csproj", "{703C7710-C22F-4CC3-BC53-225E88A532E1}"
EndProject
Project("{FAE04EC0-301F-11D3-BF4B-00C04F79EFBC}") = "MvvmCrossDemo.Uwp", "MvvmCrossDemo.Uwp\MvvmCrossDemo.Uwp.csproj", "{DBAF1A41-DD51-4437-AB20-6D10D6E7BFFB}"
EndProject
Global
	GlobalSection(SolutionConfigurationPlatforms) = preSolution
		Debug|Any CPU = Debug|Any CPU
		Debug|ARM = Debug|ARM
		Debug|x64 = Debug|x64
		Debug|x86 = Debug|x86
		Release|Any CPU = Release|Any CPU
		Release|ARM = Release|ARM
		Release|x64 = Release|x64
		Release|x86 = Release|x86
	EndGlobalSection
	GlobalSection(ProjectConfigurationPlatforms) = postSolution
		{52381C0D-EAAA-42D6-BAE9-66657B9E0A21}.Debug|Any CPU.ActiveCfg = Debug|Any CPU
		{52381C0D-EAAA-42D6-BAE9-66657B9E0A21}.Debug|Any CPU.Build.0 = Debug|Any CPU
		{52381C0D-EAAA-42D6-BAE9-66657B9E0A21}.Debug|Any CPU.Deploy.0 = Debug|Any CPU
		{52381C0D-EAAA-42D6-BAE9-66657B9E0A21}.Debug|ARM.ActiveCfg = Debug|Any CPU
		{52381C0D-EAAA-42D6-BAE9-66657B9E0A21}.Debug|ARM.Build.0 = Debug|Any CPU
		{52381C0D-EAAA-42D6-BAE9-66657B9E0A21}.Debug|ARM.Deploy.0 = Debug|Any CPU
		{52381C0D-EAAA-42D6-BAE9-66657B9E0A21}.Debug|x64.ActiveCfg = Debug|Any CPU
		{52381C0D-EAAA-42D6-BAE9-66657B9E0A21}.Debug|x64.Build.0 = Debug|Any CPU
		{52381C0D-EAAA-42D6-BAE9-66657B9E0A21}.Debug|x64.Deploy.0 = Debug|Any CPU
		{52381C0D-EAAA-42D6-BAE9-66657B9E0A21}.Debug|x86.ActiveCfg = Debug|Any CPU
		{52381C0D-EAAA-42D6-BAE9-66657B9E0A21}.Debug|x86.Build.0 = Debug|Any CPU
		{52381C0D-EAAA-42D6-BAE9-66657B9E0A21}.Debug|x86.Deploy.0 = Debug|Any CPU
		{52381C0D-EAAA-42D6-BAE9-66657B9E0A21}.Release|Any CPU.ActiveCfg = Release|Any CPU
		{52381C0D-EAAA-42D6-BAE9-66657B9E0A21}.Release|Any CPU.Build.0 = Release|Any CPU
		{52381C0D-EAAA-42D6-BAE9-66657B9E0A21}.Release|Any CPU.Deploy.0 = Release|Any CPU
		{52381C0D-EAAA-42D6-BAE9-66657B9E0A21}.Release|ARM.ActiveCfg = Release|Any CPU
		{52381C0D-EAAA-42D6-BAE9-66657B9E0A21}.Release|ARM.Build.0 = Release|Any CPU
		{52381C0D-EAAA-42D6-BAE9-66657B9E0A21}.Release|ARM.Deploy.0 = Release|Any CPU
		{52381C0D-EAAA-42D6-BAE9-66657B9E0A21}.Release|x64.ActiveCfg = Release|Any CPU
		{52381C0D-EAAA-42D6-BAE9-66657B9E0A21}.Release|x64.Build.0 = Release|Any CPU
		{52381C0D-EAAA-42D6-BAE9-66657B9E0A21}.Release|x64.Deploy.0 = Release|Any CPU
		{52381C0D-EAAA-42D6-BAE9-66657B9E0A21}.Release|x86.ActiveCfg = Release|Any CPU
		{52381C0D-EAAA-42D6-BAE9-66657B9E0A21}.Release|x86.Build.0 = Release|Any CPU
		{52381C0D-EAAA-42D6-BAE9-66657B9E0A21}.Release|x86.Deploy.0 = Release|Any CPU
		{703C7710-C22F-4CC3-BC53-225E88A532E1}.Debug|Any CPU.ActiveCfg = Debug|Any CPU
		{703C7710-C22F-4CC3-BC53-225E88A532E1}.Debug|Any CPU.Build.0 = Debug|Any CPU
		{703C7710-C22F-4CC3-BC53-225E88A532E1}.Debug|ARM.ActiveCfg = Debug|Any CPU
		{703C7710-C22F-4CC3-BC53-225E88A532E1}.Debug|ARM.Build.0 = Debug|Any CPU
		{703C7710-C22F-4CC3-BC53-225E88A532E1}.Debug|x64.ActiveCfg = Debug|Any CPU
		{703C7710-C22F-4CC3-BC53-225E88A532E1}.Debug|x64.Build.0 = Debug|Any CPU
		{703C7710-C22F-4CC3-BC53-225E88A532E1}.Debug|x86.ActiveCfg = Debug|Any CPU
		{703C7710-C22F-4CC3-BC53-225E88A532E1}.Debug|x86.Build.0 = Debug|Any CPU
		{703C7710-C22F-4CC3-BC53-225E88A532E1}.Release|Any CPU.ActiveCfg = Release|Any CPU
		{703C7710-C22F-4CC3-BC53-225E88A532E1}.Release|Any CPU.Build.0 = Release|Any CPU
		{703C7710-C22F-4CC3-BC53-225E88A532E1}.Release|ARM.ActiveCfg = Release|Any CPU
		{703C7710-C22F-4CC3-BC53-225E88A532E1}.Release|ARM.Build.0 = Release|Any CPU
		{703C7710-C22F-4CC3-BC53-225E88A532E1}.Release|x64.ActiveCfg = Release|Any CPU
		{703C7710-C22F-4CC3-BC53-225E88A532E1}.Release|x64.Build.0 = Release|Any CPU
		{703C7710-C22F-4CC3-BC53-225E88A532E1}.Release|x86.ActiveCfg = Release|Any CPU
		{703C7710-C22F-4CC3-BC53-225E88A532E1}.Release|x86.Build.0 = Release|Any CPU
		{DBAF1A41-DD51-4437-AB20-6D10D6E7BFFB}.Debug|Any CPU.ActiveCfg = Debug|x86
		{DBAF1A41-DD51-4437-AB20-6D10D6E7BFFB}.Debug|ARM.ActiveCfg = Debug|ARM
		{DBAF1A41-DD51-4437-AB20-6D10D6E7BFFB}.Debug|ARM.Build.0 = Debug|ARM
		{DBAF1A41-DD51-4437-AB20-6D10D6E7BFFB}.Debug|ARM.Deploy.0 = Debug|ARM
		{DBAF1A41-DD51-4437-AB20-6D10D6E7BFFB}.Debug|x64.ActiveCfg = Debug|x64
		{DBAF1A41-DD51-4437-AB20-6D10D6E7BFFB}.Debug|x64.Build.0 = Debug|x64
		{DBAF1A41-DD51-4437-AB20-6D10D6E7BFFB}.Debug|x64.Deploy.0 = Debug|x64
		{DBAF1A41-DD51-4437-AB20-6D10D6E7BFFB}.Debug|x86.ActiveCfg = Debug|x86
		{DBAF1A41-DD51-4437-AB20-6D10D6E7BFFB}.Debug|x86.Build.0 = Debug|x86
		{DBAF1A41-DD51-4437-AB20-6D10D6E7BFFB}.Debug|x86.Deploy.0 = Debug|x86
		{DBAF1A41-DD51-4437-AB20-6D10D6E7BFFB}.Release|Any CPU.ActiveCfg = Release|x86
		{DBAF1A41-DD51-4437-AB20-6D10D6E7BFFB}.Release|ARM.ActiveCfg = Release|ARM
		{DBAF1A41-DD51-4437-AB20-6D10D6E7BFFB}.Release|ARM.Build.0 = Release|ARM
		{DBAF1A41-DD51-4437-AB20-6D10D6E7BFFB}.Release|ARM.Deploy.0 = Release|ARM
		{DBAF1A41-DD51-4437-AB20-6D10D6E7BFFB}.Release|x64.ActiveCfg = Release|x64
		{DBAF1A41-DD51-4437-AB20-6D10D6E7BFFB}.Release|x64.Build.0 = Release|x64
		{DBAF1A41-DD51-4437-AB20-6D10D6E7BFFB}.Release|x64.Deploy.0 = Release|x64
		{DBAF1A41-DD51-4437-AB20-6D10D6E7BFFB}.Release|x86.ActiveCfg = Release|x86
		{DBAF1A41-DD51-4437-AB20-6D10D6E7BFFB}.Release|x86.Build.0 = Release|x86
		{DBAF1A41-DD51-4437-AB20-6D10D6E7BFFB}.Release|x86.Deploy.0 = Release|x86
	EndGlobalSection
	GlobalSection(SolutionProperties) = preSolution
		HideSolutionNode = FALSE
	EndGlobalSection
	GlobalSection(ExtensibilityGlobals) = postSolution
		SolutionGuid = {B8C6B1C9-380A-460B-AC6B-132B4089FF58}
	EndGlobalSection
EndGlobal
